
Microsoft Visual Studio Solution File, Format Version 12.00
# Visual Studio 15
VisualStudioVersion = 15.0.26730.16
MinimumVisualStudioVersion = 10.0.40219.1
Project("{FAE04EC0-301F-11D3-BF4B-00C04F79EFBC}") = "PhotoStudioPlayerWin", "PhotoStudioPlayerWin\PhotoStudioPlayerWin.csproj", "{70EDDA86-CB19-4634-84CA-EDEFB193D4A5}"
EndProject
Global
	GlobalSection(SolutionConfigurationPlatforms) = preSolution
		Debug|Any CPU = Debug|Any CPU
		Debug|x64 = Debug|x64
		Debug|x86 = Debug|x86
		Release|Any CPU = Release|Any CPU
		Release|x64 = Release|x64
		Release|x86 = Release|x86
	EndGlobalSection
	GlobalSection(ProjectConfigurationPlatforms) = postSolution
		{70EDDA86-CB19-4634-84CA-EDEFB193D4A5}.Debug|Any CPU.ActiveCfg = Debug|Any CPU
		{70EDDA86-CB19-4634-84CA-EDEFB193D4A5}.Debug|Any CPU.Build.0 = Debug|Any CPU
		{70EDDA86-CB19-4634-84CA-EDEFB193D4A5}.Debug|x64.ActiveCfg = Debug|Any CPU
		{70EDDA86-CB19-4634-84CA-EDEFB193D4A5}.Debug|x64.Build.0 = Debug|Any CPU
		{70EDDA86-CB19-4634-84CA-EDEFB193D4A5}.Debug|x86.ActiveCfg = Debug|Any CPU
		{70EDDA86-CB19-4634-84CA-EDEFB193D4A5}.Debug|x86.Build.0 = Debug|Any CPU
		{70EDDA86-CB19-4634-84CA-EDEFB193D4A5}.Release|Any CPU.ActiveCfg = Release|Any CPU
		{70EDDA86-CB19-4634-84CA-EDEFB193D4A5}.Release|Any CPU.Build.0 = Release|Any CPU
		{70EDDA86-CB19-4634-84CA-EDEFB193D4A5}.Release|x64.ActiveCfg = Release|Any CPU
		{70EDDA86-CB19-4634-84CA-EDEFB193D4A5}.Release|x64.Build.0 = Release|Any CPU
		{70EDDA86-CB19-4634-84CA-EDEFB193D4A5}.Release|x86.ActiveCfg = Release|Any CPU
		{70EDDA86-CB19-4634-84CA-EDEFB193D4A5}.Release|x86.Build.0 = Release|Any CPU
	EndGlobalSection
	GlobalSection(SolutionProperties) = preSolution
		HideSolutionNode = FALSE
	EndGlobalSection
	GlobalSection(ExtensibilityGlobals) = postSolution
		SolutionGuid = {8C2EF5A8-20F8-4859-851F-0913A26962CF}
	EndGlobalSection
EndGlobal
